
Microsoft Visual Studio Solution File, Format Version 12.00
# Visual Studio Version 17
VisualStudioVersion = 17.14.36401.2 d17.14
MinimumVisualStudioVersion = 10.0.40219.1
Project("{FAE04EC0-301F-11D3-BF4B-00C04F79EFBC}") = "Baze3", "Baze3\Baze3.csproj", "{4E8139EB-48EC-45A0-8220-9A496189A173}"
EndProject
Global
	GlobalSection(SolutionConfigurationPlatforms) = preSolution
		Debug|Any CPU = Debug|Any CPU
		Release|Any CPU = Release|Any CPU
	EndGlobalSection
	GlobalSection(ProjectConfigurationPlatforms) = postSolution
		{4E8139EB-48EC-45A0-8220-9A496189A173}.Debug|Any CPU.ActiveCfg = Debug|Any CPU
		{4E8139EB-48EC-45A0-8220-9A496189A173}.Debug|Any CPU.Build.0 = Debug|Any CPU
		{4E8139EB-48EC-45A0-8220-9A496189A173}.Release|Any CPU.ActiveCfg = Release|Any CPU
		{4E8139EB-48EC-45A0-8220-9A496189A173}.Release|Any CPU.Build.0 = Release|Any CPU
	EndGlobalSection
	GlobalSection(SolutionProperties) = preSolution
		HideSolutionNode = FALSE
	EndGlobalSection
	GlobalSection(ExtensibilityGlobals) = postSolution
		SolutionGuid = {AB4C81A4-D5A4-4BD5-920D-5F5D1BB66DC2}
	EndGlobalSection
EndGlobal
